
Microsoft Visual Studio Solution File, Format Version 12.00
# Visual Studio Version 17
VisualStudioVersion = 17.11.35327.3
MinimumVisualStudioVersion = 10.0.40219.1
Project("{FAE04EC0-301F-11D3-BF4B-00C04F79EFBC}") = "Exercise_1_MinimalAPI", "Exercise_1_MinimalAPI\Exercise_1_MinimalAPI.csproj", "{8BF21F8C-066B-407E-9319-5B50C1DD8C73}"
EndProject
Global
	GlobalSection(SolutionConfigurationPlatforms) = preSolution
		Debug|Any CPU = Debug|Any CPU
		Release|Any CPU = Release|Any CPU
	EndGlobalSection
	GlobalSection(ProjectConfigurationPlatforms) = postSolution
		{8BF21F8C-066B-407E-9319-5B50C1DD8C73}.Debug|Any CPU.ActiveCfg = Debug|Any CPU
		{8BF21F8C-066B-407E-9319-5B50C1DD8C73}.Debug|Any CPU.Build.0 = Debug|Any CPU
		{8BF21F8C-066B-407E-9319-5B50C1DD8C73}.Release|Any CPU.ActiveCfg = Release|Any CPU
		{8BF21F8C-066B-407E-9319-5B50C1DD8C73}.Release|Any CPU.Build.0 = Release|Any CPU
	EndGlobalSection
	GlobalSection(SolutionProperties) = preSolution
		HideSolutionNode = FALSE
	EndGlobalSection
	GlobalSection(ExtensibilityGlobals) = postSolution
		SolutionGuid = {B61619AA-906A-4C44-9037-8C48A2A787B6}
	EndGlobalSection
EndGlobal
